
Microsoft Visual Studio Solution File, Format Version 12.00
# Visual Studio Version 17
VisualStudioVersion = 17.0.32014.148
MinimumVisualStudioVersion = 10.0.40219.1
Project("{FAE04EC0-301F-11D3-BF4B-00C04F79EFBC}") = "DuonosKepykla", "DuonosKepykla\DuonosKepykla.csproj", "{51626366-79DE-47E8-B9C6-69F1F4256155}"
EndProject
Global
	GlobalSection(SolutionConfigurationPlatforms) = preSolution
		Debug|Any CPU = Debug|Any CPU
		Release|Any CPU = Release|Any CPU
	EndGlobalSection
	GlobalSection(ProjectConfigurationPlatforms) = postSolution
		{51626366-79DE-47E8-B9C6-69F1F4256155}.Debug|Any CPU.ActiveCfg = Debug|Any CPU
		{51626366-79DE-47E8-B9C6-69F1F4256155}.Debug|Any CPU.Build.0 = Debug|Any CPU
		{51626366-79DE-47E8-B9C6-69F1F4256155}.Release|Any CPU.ActiveCfg = Release|Any CPU
		{51626366-79DE-47E8-B9C6-69F1F4256155}.Release|Any CPU.Build.0 = Release|Any CPU
	EndGlobalSection
	GlobalSection(SolutionProperties) = preSolution
		HideSolutionNode = FALSE
	EndGlobalSection
	GlobalSection(ExtensibilityGlobals) = postSolution
		SolutionGuid = {C7849D73-E6B2-4C02-8607-64C6FE57D85C}
	EndGlobalSection
EndGlobal
